
Microsoft Visual Studio Solution File, Format Version 12.00
# Visual Studio Version 16
VisualStudioVersion = 16.0.29319.158
MinimumVisualStudioVersion = 10.0.40219.1
Project("{8BC9CEB8-8B4A-11D0-8D11-00A0C91BC942}") = "template_static_members", "main\template_static_members.vcxproj", "{EEAC676F-003E-4BB3-94C0-6129FE191691}"
EndProject
Project("{8BC9CEB8-8B4A-11D0-8D11-00A0C91BC942}") = "global_instance", "global_instance\global_instance.vcxproj", "{9BE57CBC-E3C8-4925-B418-0DDE420DEE78}"
EndProject
Project("{8BC9CEB8-8B4A-11D0-8D11-00A0C91BC942}") = "counter", "counter\counter.vcxproj", "{C0CBC3AC-D76E-47FD-AE4A-3FB9ECE9F8E1}"
EndProject
Project("{8BC9CEB8-8B4A-11D0-8D11-00A0C91BC942}") = "counter_user_1", "counter_user_1\counter_user_1.vcxproj", "{BE398A7A-20D1-4355-B9B2-4139DB031749}"
EndProject
Project("{8BC9CEB8-8B4A-11D0-8D11-00A0C91BC942}") = "counter_user_2", "counter_user_2\counter_user_2.vcxproj", "{EB3911D9-7256-468E-8CF6-1E8F36191525}"
EndProject
Project("{2150E333-8FDC-42A3-9474-1A3956D46DE8}") = "Solution Items", "Solution Items", "{5854D7D7-BD8D-446A-904F-206F669EA4B4}"
	ProjectSection(SolutionItems) = preProject
		README.md = README.md
	EndProjectSection
EndProject
Global
	GlobalSection(SolutionConfigurationPlatforms) = preSolution
		Debug|x64 = Debug|x64
		Debug|x86 = Debug|x86
		Release|x64 = Release|x64
		Release|x86 = Release|x86
	EndGlobalSection
	GlobalSection(ProjectConfigurationPlatforms) = postSolution
		{EEAC676F-003E-4BB3-94C0-6129FE191691}.Debug|x64.ActiveCfg = Debug|x64
		{EEAC676F-003E-4BB3-94C0-6129FE191691}.Debug|x64.Build.0 = Debug|x64
		{EEAC676F-003E-4BB3-94C0-6129FE191691}.Debug|x86.ActiveCfg = Debug|Win32
		{EEAC676F-003E-4BB3-94C0-6129FE191691}.Debug|x86.Build.0 = Debug|Win32
		{EEAC676F-003E-4BB3-94C0-6129FE191691}.Release|x64.ActiveCfg = Release|x64
		{EEAC676F-003E-4BB3-94C0-6129FE191691}.Release|x64.Build.0 = Release|x64
		{EEAC676F-003E-4BB3-94C0-6129FE191691}.Release|x86.ActiveCfg = Release|Win32
		{EEAC676F-003E-4BB3-94C0-6129FE191691}.Release|x86.Build.0 = Release|Win32
		{9BE57CBC-E3C8-4925-B418-0DDE420DEE78}.Debug|x64.ActiveCfg = Debug|x64
		{9BE57CBC-E3C8-4925-B418-0DDE420DEE78}.Debug|x64.Build.0 = Debug|x64
		{9BE57CBC-E3C8-4925-B418-0DDE420DEE78}.Debug|x86.ActiveCfg = Debug|Win32
		{9BE57CBC-E3C8-4925-B418-0DDE420DEE78}.Debug|x86.Build.0 = Debug|Win32
		{9BE57CBC-E3C8-4925-B418-0DDE420DEE78}.Release|x64.ActiveCfg = Release|x64
		{9BE57CBC-E3C8-4925-B418-0DDE420DEE78}.Release|x64.Build.0 = Release|x64
		{9BE57CBC-E3C8-4925-B418-0DDE420DEE78}.Release|x86.ActiveCfg = Release|Win32
		{9BE57CBC-E3C8-4925-B418-0DDE420DEE78}.Release|x86.Build.0 = Release|Win32
		{C0CBC3AC-D76E-47FD-AE4A-3FB9ECE9F8E1}.Debug|x64.ActiveCfg = Debug|x64
		{C0CBC3AC-D76E-47FD-AE4A-3FB9ECE9F8E1}.Debug|x64.Build.0 = Debug|x64
		{C0CBC3AC-D76E-47FD-AE4A-3FB9ECE9F8E1}.Debug|x86.ActiveCfg = Debug|Win32
		{C0CBC3AC-D76E-47FD-AE4A-3FB9ECE9F8E1}.Debug|x86.Build.0 = Debug|Win32
		{C0CBC3AC-D76E-47FD-AE4A-3FB9ECE9F8E1}.Release|x64.ActiveCfg = Release|x64
		{C0CBC3AC-D76E-47FD-AE4A-3FB9ECE9F8E1}.Release|x64.Build.0 = Release|x64
		{C0CBC3AC-D76E-47FD-AE4A-3FB9ECE9F8E1}.Release|x86.ActiveCfg = Release|Win32
		{C0CBC3AC-D76E-47FD-AE4A-3FB9ECE9F8E1}.Release|x86.Build.0 = Release|Win32
		{BE398A7A-20D1-4355-B9B2-4139DB031749}.Debug|x64.ActiveCfg = Debug|x64
		{BE398A7A-20D1-4355-B9B2-4139DB031749}.Debug|x64.Build.0 = Debug|x64
		{BE398A7A-20D1-4355-B9B2-4139DB031749}.Debug|x86.ActiveCfg = Debug|Win32
		{BE398A7A-20D1-4355-B9B2-4139DB031749}.Debug|x86.Build.0 = Debug|Win32
		{BE398A7A-20D1-4355-B9B2-4139DB031749}.Release|x64.ActiveCfg = Release|x64
		{BE398A7A-20D1-4355-B9B2-4139DB031749}.Release|x64.Build.0 = Release|x64
		{BE398A7A-20D1-4355-B9B2-4139DB031749}.Release|x86.ActiveCfg = Release|Win32
		{BE398A7A-20D1-4355-B9B2-4139DB031749}.Release|x86.Build.0 = Release|Win32
		{EB3911D9-7256-468E-8CF6-1E8F36191525}.Debug|x64.ActiveCfg = Debug|x64
		{EB3911D9-7256-468E-8CF6-1E8F36191525}.Debug|x64.Build.0 = Debug|x64
		{EB3911D9-7256-468E-8CF6-1E8F36191525}.Debug|x86.ActiveCfg = Debug|Win32
		{EB3911D9-7256-468E-8CF6-1E8F36191525}.Debug|x86.Build.0 = Debug|Win32
		{EB3911D9-7256-468E-8CF6-1E8F36191525}.Release|x64.ActiveCfg = Release|x64
		{EB3911D9-7256-468E-8CF6-1E8F36191525}.Release|x64.Build.0 = Release|x64
		{EB3911D9-7256-468E-8CF6-1E8F36191525}.Release|x86.ActiveCfg = Release|Win32
		{EB3911D9-7256-468E-8CF6-1E8F36191525}.Release|x86.Build.0 = Release|Win32
	EndGlobalSection
	GlobalSection(SolutionProperties) = preSolution
		HideSolutionNode = FALSE
	EndGlobalSection
	GlobalSection(ExtensibilityGlobals) = postSolution
		SolutionGuid = {F4FCBC9E-2F20-4428-A21A-E46939C6AA7A}
	EndGlobalSection
EndGlobal
